
Microsoft Visual Studio Solution File, Format Version 12.00
# Visual Studio Version 16
VisualStudioVersion = 16.0.31702.278
MinimumVisualStudioVersion = 10.0.40219.1
Project("{FAE04EC0-301F-11D3-BF4B-00C04F79EFBC}") = "API_27", "API_27\API_27.csproj", "{CD8A6E5D-20A9-4533-9E95-2506C259165E}"
EndProject
Project("{FAE04EC0-301F-11D3-BF4B-00C04F79EFBC}") = "API_27_Client", "API_27_Client\API_27_Client.csproj", "{04BB002A-10B4-43E7-82A6-4EF7EE75F3FC}"
EndProject
Project("{FAE04EC0-301F-11D3-BF4B-00C04F79EFBC}") = "API_27AjaxClient", "API_27AjaxClient\API_27AjaxClient.csproj", "{26775798-B8CC-44EF-8F53-FF736704FDE4}"
EndProject
Global
	GlobalSection(SolutionConfigurationPlatforms) = preSolution
		Debug|Any CPU = Debug|Any CPU
		Release|Any CPU = Release|Any CPU
	EndGlobalSection
	GlobalSection(ProjectConfigurationPlatforms) = postSolution
		{CD8A6E5D-20A9-4533-9E95-2506C259165E}.Debug|Any CPU.ActiveCfg = Debug|Any CPU
		{CD8A6E5D-20A9-4533-9E95-2506C259165E}.Debug|Any CPU.Build.0 = Debug|Any CPU
		{CD8A6E5D-20A9-4533-9E95-2506C259165E}.Release|Any CPU.ActiveCfg = Release|Any CPU
		{CD8A6E5D-20A9-4533-9E95-2506C259165E}.Release|Any CPU.Build.0 = Release|Any CPU
		{04BB002A-10B4-43E7-82A6-4EF7EE75F3FC}.Debug|Any CPU.ActiveCfg = Debug|Any CPU
		{04BB002A-10B4-43E7-82A6-4EF7EE75F3FC}.Debug|Any CPU.Build.0 = Debug|Any CPU
		{04BB002A-10B4-43E7-82A6-4EF7EE75F3FC}.Release|Any CPU.ActiveCfg = Release|Any CPU
		{04BB002A-10B4-43E7-82A6-4EF7EE75F3FC}.Release|Any CPU.Build.0 = Release|Any CPU
		{26775798-B8CC-44EF-8F53-FF736704FDE4}.Debug|Any CPU.ActiveCfg = Debug|Any CPU
		{26775798-B8CC-44EF-8F53-FF736704FDE4}.Debug|Any CPU.Build.0 = Debug|Any CPU
		{26775798-B8CC-44EF-8F53-FF736704FDE4}.Release|Any CPU.ActiveCfg = Release|Any CPU
		{26775798-B8CC-44EF-8F53-FF736704FDE4}.Release|Any CPU.Build.0 = Release|Any CPU
	EndGlobalSection
	GlobalSection(SolutionProperties) = preSolution
		HideSolutionNode = FALSE
	EndGlobalSection
	GlobalSection(ExtensibilityGlobals) = postSolution
		SolutionGuid = {C8DDF534-8D81-4947-AF91-67060CBE4E51}
	EndGlobalSection
EndGlobal
